// !$*UTF8*$!
{
	archiveVersion = 1;
	classes = {
	};
	objectVersion = 55;
	objects = {

/* Begin PBXBuildFile section */
		BF05045D289AB34A00EEB2AA /* DurationView.swift in Sources */ = {isa = PBXBuildFile; fileRef = BF05045C289AB34A00EEB2AA /* DurationView.swift */; };
		BF05045F289AFBD000EEB2AA /* DurationFormatter.swift in Sources */ = {isa = PBXBuildFile; fileRef = BF05045E289AFBD000EEB2AA /* DurationFormatter.swift */; };
		BF050460289AFBF700EEB2AA /* DurationFormatter.swift in Sources */ = {isa = PBXBuildFile; fileRef = BF05045E289AFBD000EEB2AA /* DurationFormatter.swift */; };
		BF0A812328A10825008C4C41 /* LocationListView.swift in Sources */ = {isa = PBXBuildFile; fileRef = BF0A812228A10825008C4C41 /* LocationListView.swift */; };
		BF0A812528A108D3008C4C41 /* LocationListModel.swift in Sources */ = {isa = PBXBuildFile; fileRef = BF0A812428A108D3008C4C41 /* LocationListModel.swift */; };
		BF0A812928A10C35008C4C41 /* SessionService.swift in Sources */ = {isa = PBXBuildFile; fileRef = BF1149002892C03C0081A360 /* SessionService.swift */; };
		BF1148B12892BE7A0081A360 /* WindcockpitApp.swift in Sources */ = {isa = PBXBuildFile; fileRef = BF1148B02892BE7A0081A360 /* WindcockpitApp.swift */; };
		BF1148B52892BE7B0081A360 /* Assets.xcassets in Resources */ = {isa = PBXBuildFile; fileRef = BF1148B42892BE7B0081A360 /* Assets.xcassets */; };
		BF1148B82892BE7B0081A360 /* Preview Assets.xcassets in Resources */ = {isa = PBXBuildFile; fileRef = BF1148B72892BE7B0081A360 /* Preview Assets.xcassets */; };
		BF1148BC2892BE7B0081A360 /* Windcockpit WatchKit App.app in Embed Watch Content */ = {isa = PBXBuildFile; fileRef = BF1148BB2892BE7B0081A360 /* Windcockpit WatchKit App.app */; settings = {ATTRIBUTES = (RemoveHeadersOnCopy, ); }; };
		BF1148C12892BE7C0081A360 /* Assets.xcassets in Resources */ = {isa = PBXBuildFile; fileRef = BF1148C02892BE7C0081A360 /* Assets.xcassets */; };
		BF1148C72892BE7D0081A360 /* Windcockpit WatchKit Extension.appex in Embed App Extensions */ = {isa = PBXBuildFile; fileRef = BF1148C62892BE7D0081A360 /* Windcockpit WatchKit Extension.appex */; settings = {ATTRIBUTES = (RemoveHeadersOnCopy, ); }; };
		BF1148CC2892BE7D0081A360 /* WindcockpitApp.swift in Sources */ = {isa = PBXBuildFile; fileRef = BF1148CB2892BE7D0081A360 /* WindcockpitApp.swift */; };
		BF1148D02892BE7D0081A360 /* NotificationController.swift in Sources */ = {isa = PBXBuildFile; fileRef = BF1148CF2892BE7D0081A360 /* NotificationController.swift */; };
		BF1148D22892BE7D0081A360 /* NotificationView.swift in Sources */ = {isa = PBXBuildFile; fileRef = BF1148D12892BE7D0081A360 /* NotificationView.swift */; };
		BF1148D42892BE7D0081A360 /* ComplicationController.swift in Sources */ = {isa = PBXBuildFile; fileRef = BF1148D32892BE7D0081A360 /* ComplicationController.swift */; };
		BF1148D62892BE7E0081A360 /* Assets.xcassets in Resources */ = {isa = PBXBuildFile; fileRef = BF1148D52892BE7E0081A360 /* Assets.xcassets */; };
		BF1148D92892BE7E0081A360 /* Preview Assets.xcassets in Resources */ = {isa = PBXBuildFile; fileRef = BF1148D82892BE7E0081A360 /* Preview Assets.xcassets */; };
		BF1148F02892BF1A0081A360 /* HealthKit.framework in Frameworks */ = {isa = PBXBuildFile; fileRef = BF1148EF2892BF1A0081A360 /* HealthKit.framework */; };
		BF1148F22892BF980081A360 /* StartView.swift in Sources */ = {isa = PBXBuildFile; fileRef = BF1148F12892BF980081A360 /* StartView.swift */; };
		BF1148F42892BFA30081A360 /* SummaryView.swift in Sources */ = {isa = PBXBuildFile; fileRef = BF1148F32892BFA30081A360 /* SummaryView.swift */; };
		BF1148F62892BFAE0081A360 /* WorkoutManager.swift in Sources */ = {isa = PBXBuildFile; fileRef = BF1148F52892BFAE0081A360 /* WorkoutManager.swift */; };
		BF1148F82892BFD10081A360 /* SessionPagingView.swift in Sources */ = {isa = PBXBuildFile; fileRef = BF1148F72892BFD10081A360 /* SessionPagingView.swift */; };
		BF1148FA2892BFDE0081A360 /* MetricsView.swift in Sources */ = {isa = PBXBuildFile; fileRef = BF1148F92892BFDE0081A360 /* MetricsView.swift */; };
		BF1148FC2892BFE40081A360 /* ControlsView.swift in Sources */ = {isa = PBXBuildFile; fileRef = BF1148FB2892BFE40081A360 /* ControlsView.swift */; };
		BF1148FE2892BFEA0081A360 /* ElapsedTimeView.swift in Sources */ = {isa = PBXBuildFile; fileRef = BF1148FD2892BFEA0081A360 /* ElapsedTimeView.swift */; };
		BF1149012892C03C0081A360 /* Constants.swift in Sources */ = {isa = PBXBuildFile; fileRef = BF1148FF2892C03C0081A360 /* Constants.swift */; };
		BF1149022892C03C0081A360 /* SessionService.swift in Sources */ = {isa = PBXBuildFile; fileRef = BF1149002892C03C0081A360 /* SessionService.swift */; };
		BF1149032892C0440081A360 /* Constants.swift in Sources */ = {isa = PBXBuildFile; fileRef = BF1148FF2892C03C0081A360 /* Constants.swift */; };
		BF1149082892C05F0081A360 /* Location.swift in Sources */ = {isa = PBXBuildFile; fileRef = BF1149062892C05F0081A360 /* Location.swift */; };
		BF1149092892C05F0081A360 /* Session.swift in Sources */ = {isa = PBXBuildFile; fileRef = BF1149072892C05F0081A360 /* Session.swift */; };
		BF11490A2892C0630081A360 /* Session.swift in Sources */ = {isa = PBXBuildFile; fileRef = BF1149072892C05F0081A360 /* Session.swift */; };
		BF1149122892D95D0081A360 /* SessionView.swift in Sources */ = {isa = PBXBuildFile; fileRef = BF11490D2892D95D0081A360 /* SessionView.swift */; };
		BF1149132892D95D0081A360 /* TimelineViewModel.swift in Sources */ = {isa = PBXBuildFile; fileRef = BF11490E2892D95D0081A360 /* TimelineViewModel.swift */; };
		BF1149152892D95D0081A360 /* TimelineView.swift in Sources */ = {isa = PBXBuildFile; fileRef = BF1149102892D95D0081A360 /* TimelineView.swift */; };
		BF1149162892D95D0081A360 /* SessionCell.swift in Sources */ = {isa = PBXBuildFile; fileRef = BF1149112892D95D0081A360 /* SessionCell.swift */; };
		BF1149182892D96F0081A360 /* ContentView.swift in Sources */ = {isa = PBXBuildFile; fileRef = BF1149172892D96F0081A360 /* ContentView.swift */; };
		BF11491A2892D97A0081A360 /* Date.swift in Sources */ = {isa = PBXBuildFile; fileRef = BF1149192892D97A0081A360 /* Date.swift */; };
		BF3A3EBF28C0B5A8007BE348 /* CreateSessionViewCoreData.swift in Sources */ = {isa = PBXBuildFile; fileRef = BF3A3EBE28C0B5A8007BE348 /* CreateSessionViewCoreData.swift */; };
		BF3A3EC128C0D24B007BE348 /* SpotListModel.swift in Sources */ = {isa = PBXBuildFile; fileRef = BF3A3EC028C0D24B007BE348 /* SpotListModel.swift */; };
		BF3E792128AE4ACC00570B11 /* SessionCellCoreData.swift in Sources */ = {isa = PBXBuildFile; fileRef = BF3E792028AE4ACC00570B11 /* SessionCellCoreData.swift */; };
		BF5F049428FD5E3A00ACAAD6 /* CreateLocationViewCodeData.swift in Sources */ = {isa = PBXBuildFile; fileRef = BF5F049328FD5E3A00ACAAD6 /* CreateLocationViewCodeData.swift */; };
		BF5F101428D9FDCC00E71AA4 /* LocationListViewCoreData.swift in Sources */ = {isa = PBXBuildFile; fileRef = BF5F101328D9FDCC00E71AA4 /* LocationListViewCoreData.swift */; };
		BF7B77D628AD2F21006484FF /* WatchConnectivityManager.swift in Sources */ = {isa = PBXBuildFile; fileRef = BF7B77D528AD2F21006484FF /* WatchConnectivityManager.swift */; };
		BF7B77D728AD2F21006484FF /* WatchConnectivityManager.swift in Sources */ = {isa = PBXBuildFile; fileRef = BF7B77D528AD2F21006484FF /* WatchConnectivityManager.swift */; };
		BF83FD5728B77A6C00699C53 /* EditSessionCoreView.swift in Sources */ = {isa = PBXBuildFile; fileRef = BF83FD5628B77A6C00699C53 /* EditSessionCoreView.swift */; };
		BF9A5DAC289967DD009F438D /* Formatters.swift in Sources */ = {isa = PBXBuildFile; fileRef = BF9A5DAB289967DD009F438D /* Formatters.swift */; };
		BFAB602328A6786500CC6276 /* SessionListViewCoreData.swift in Sources */ = {isa = PBXBuildFile; fileRef = BFAB602228A6786500CC6276 /* SessionListViewCoreData.swift */; };
		BFAB602628A678CC00CC6276 /* WindcockpitCoreData.xcdatamodeld in Sources */ = {isa = PBXBuildFile; fileRef = BFAB602428A678CC00CC6276 /* WindcockpitCoreData.xcdatamodeld */; };
		BFAB602828A678DF00CC6276 /* Persistence.swift in Sources */ = {isa = PBXBuildFile; fileRef = BFAB602728A678DF00CC6276 /* Persistence.swift */; };
/* End PBXBuildFile section */

/* Begin PBXContainerItemProxy section */
		BF1148BD2892BE7B0081A360 /* PBXContainerItemProxy */ = {
			isa = PBXContainerItemProxy;
			containerPortal = BF1148A52892BE7A0081A360 /* Project object */;
			proxyType = 1;
			remoteGlobalIDString = BF1148BA2892BE7B0081A360;
			remoteInfo = "Windcockpit WatchKit App";
		};
		BF1148C82892BE7D0081A360 /* PBXContainerItemProxy */ = {
			isa = PBXContainerItemProxy;
			containerPortal = BF1148A52892BE7A0081A360 /* Project object */;
			proxyType = 1;
			remoteGlobalIDString = BF1148C52892BE7D0081A360;
			remoteInfo = "Windcockpit WatchKit Extension";
		};
/* End PBXContainerItemProxy section */

/* Begin PBXCopyFilesBuildPhase section */
		BF1148E12892BE7E0081A360 /* Embed App Extensions */ = {
			isa = PBXCopyFilesBuildPhase;
			buildActionMask = 2147483647;
			dstPath = "";
			dstSubfolderSpec = 13;
			files = (
				BF1148C72892BE7D0081A360 /* Windcockpit WatchKit Extension.appex in Embed App Extensions */,
			);
			name = "Embed App Extensions";
			runOnlyForDeploymentPostprocessing = 0;
		};
		BF1148E52892BE7E0081A360 /* Embed Watch Content */ = {
			isa = PBXCopyFilesBuildPhase;
			buildActionMask = 2147483647;
			dstPath = "$(CONTENTS_FOLDER_PATH)/Watch";
			dstSubfolderSpec = 16;
			files = (
				BF1148BC2892BE7B0081A360 /* Windcockpit WatchKit App.app in Embed Watch Content */,
			);
			name = "Embed Watch Content";
			runOnlyForDeploymentPostprocessing = 0;
		};
/* End PBXCopyFilesBuildPhase section */

/* Begin PBXFileReference section */
		BF05045C289AB34A00EEB2AA /* DurationView.swift */ = {isa = PBXFileReference; lastKnownFileType = sourcecode.swift; path = DurationView.swift; sourceTree = "<group>"; };
		BF05045E289AFBD000EEB2AA /* DurationFormatter.swift */ = {isa = PBXFileReference; lastKnownFileType = sourcecode.swift; path = DurationFormatter.swift; sourceTree = "<group>"; };
		BF0A812228A10825008C4C41 /* LocationListView.swift */ = {isa = PBXFileReference; lastKnownFileType = sourcecode.swift; path = LocationListView.swift; sourceTree = "<group>"; };
		BF0A812428A108D3008C4C41 /* LocationListModel.swift */ = {isa = PBXFileReference; lastKnownFileType = sourcecode.swift; path = LocationListModel.swift; sourceTree = "<group>"; };
		BF1148AD2892BE7A0081A360 /* Windcockpit.app */ = {isa = PBXFileReference; explicitFileType = wrapper.application; includeInIndex = 0; path = Windcockpit.app; sourceTree = BUILT_PRODUCTS_DIR; };
		BF1148B02892BE7A0081A360 /* WindcockpitApp.swift */ = {isa = PBXFileReference; lastKnownFileType = sourcecode.swift; path = WindcockpitApp.swift; sourceTree = "<group>"; };
		BF1148B42892BE7B0081A360 /* Assets.xcassets */ = {isa = PBXFileReference; lastKnownFileType = folder.assetcatalog; path = Assets.xcassets; sourceTree = "<group>"; };
		BF1148B72892BE7B0081A360 /* Preview Assets.xcassets */ = {isa = PBXFileReference; lastKnownFileType = folder.assetcatalog; path = "Preview Assets.xcassets"; sourceTree = "<group>"; };
		BF1148BB2892BE7B0081A360 /* Windcockpit WatchKit App.app */ = {isa = PBXFileReference; explicitFileType = wrapper.application; includeInIndex = 0; path = "Windcockpit WatchKit App.app"; sourceTree = BUILT_PRODUCTS_DIR; };
		BF1148C02892BE7C0081A360 /* Assets.xcassets */ = {isa = PBXFileReference; lastKnownFileType = folder.assetcatalog; path = Assets.xcassets; sourceTree = "<group>"; };
		BF1148C62892BE7D0081A360 /* Windcockpit WatchKit Extension.appex */ = {isa = PBXFileReference; explicitFileType = "wrapper.app-extension"; includeInIndex = 0; path = "Windcockpit WatchKit Extension.appex"; sourceTree = BUILT_PRODUCTS_DIR; };
		BF1148CB2892BE7D0081A360 /* WindcockpitApp.swift */ = {isa = PBXFileReference; lastKnownFileType = sourcecode.swift; path = WindcockpitApp.swift; sourceTree = "<group>"; };
		BF1148CF2892BE7D0081A360 /* NotificationController.swift */ = {isa = PBXFileReference; lastKnownFileType = sourcecode.swift; path = NotificationController.swift; sourceTree = "<group>"; };
		BF1148D12892BE7D0081A360 /* NotificationView.swift */ = {isa = PBXFileReference; lastKnownFileType = sourcecode.swift; path = NotificationView.swift; sourceTree = "<group>"; };
		BF1148D32892BE7D0081A360 /* ComplicationController.swift */ = {isa = PBXFileReference; lastKnownFileType = sourcecode.swift; path = ComplicationController.swift; sourceTree = "<group>"; };
		BF1148D52892BE7E0081A360 /* Assets.xcassets */ = {isa = PBXFileReference; lastKnownFileType = folder.assetcatalog; path = Assets.xcassets; sourceTree = "<group>"; };
		BF1148D82892BE7E0081A360 /* Preview Assets.xcassets */ = {isa = PBXFileReference; lastKnownFileType = folder.assetcatalog; path = "Preview Assets.xcassets"; sourceTree = "<group>"; };
		BF1148DA2892BE7E0081A360 /* Info.plist */ = {isa = PBXFileReference; lastKnownFileType = text.plist.xml; path = Info.plist; sourceTree = "<group>"; };
		BF1148DB2892BE7E0081A360 /* PushNotificationPayload.apns */ = {isa = PBXFileReference; lastKnownFileType = text; path = PushNotificationPayload.apns; sourceTree = "<group>"; };
		BF1148ED2892BF1A0081A360 /* Windcockpit WatchKit Extension.entitlements */ = {isa = PBXFileReference; lastKnownFileType = text.plist.entitlements; path = "Windcockpit WatchKit Extension.entitlements"; sourceTree = "<group>"; };
		BF1148EF2892BF1A0081A360 /* HealthKit.framework */ = {isa = PBXFileReference; lastKnownFileType = wrapper.framework; name = HealthKit.framework; path = Platforms/WatchOS.platform/Developer/SDKs/WatchOS8.5.sdk/System/Library/Frameworks/HealthKit.framework; sourceTree = DEVELOPER_DIR; };
		BF1148F12892BF980081A360 /* StartView.swift */ = {isa = PBXFileReference; fileEncoding = 4; lastKnownFileType = sourcecode.swift; path = StartView.swift; sourceTree = "<group>"; };
		BF1148F32892BFA30081A360 /* SummaryView.swift */ = {isa = PBXFileReference; fileEncoding = 4; lastKnownFileType = sourcecode.swift; path = SummaryView.swift; sourceTree = "<group>"; };
		BF1148F52892BFAE0081A360 /* WorkoutManager.swift */ = {isa = PBXFileReference; fileEncoding = 4; lastKnownFileType = sourcecode.swift; path = WorkoutManager.swift; sourceTree = "<group>"; };
		BF1148F72892BFD10081A360 /* SessionPagingView.swift */ = {isa = PBXFileReference; fileEncoding = 4; lastKnownFileType = sourcecode.swift; path = SessionPagingView.swift; sourceTree = "<group>"; };
		BF1148F92892BFDE0081A360 /* MetricsView.swift */ = {isa = PBXFileReference; fileEncoding = 4; lastKnownFileType = sourcecode.swift; path = MetricsView.swift; sourceTree = "<group>"; };
		BF1148FB2892BFE40081A360 /* ControlsView.swift */ = {isa = PBXFileReference; fileEncoding = 4; lastKnownFileType = sourcecode.swift; path = ControlsView.swift; sourceTree = "<group>"; };
		BF1148FD2892BFEA0081A360 /* ElapsedTimeView.swift */ = {isa = PBXFileReference; fileEncoding = 4; lastKnownFileType = sourcecode.swift; path = ElapsedTimeView.swift; sourceTree = "<group>"; };
		BF1148FF2892C03C0081A360 /* Constants.swift */ = {isa = PBXFileReference; fileEncoding = 4; lastKnownFileType = sourcecode.swift; path = Constants.swift; sourceTree = "<group>"; };
		BF1149002892C03C0081A360 /* SessionService.swift */ = {isa = PBXFileReference; fileEncoding = 4; lastKnownFileType = sourcecode.swift; path = SessionService.swift; sourceTree = "<group>"; };
		BF1149062892C05F0081A360 /* Location.swift */ = {isa = PBXFileReference; fileEncoding = 4; lastKnownFileType = sourcecode.swift; path = Location.swift; sourceTree = "<group>"; };
		BF1149072892C05F0081A360 /* Session.swift */ = {isa = PBXFileReference; fileEncoding = 4; lastKnownFileType = sourcecode.swift; path = Session.swift; sourceTree = "<group>"; };
		BF11490D2892D95D0081A360 /* SessionView.swift */ = {isa = PBXFileReference; fileEncoding = 4; lastKnownFileType = sourcecode.swift; path = SessionView.swift; sourceTree = "<group>"; };
		BF11490E2892D95D0081A360 /* TimelineViewModel.swift */ = {isa = PBXFileReference; fileEncoding = 4; lastKnownFileType = sourcecode.swift; path = TimelineViewModel.swift; sourceTree = "<group>"; };
		BF1149102892D95D0081A360 /* TimelineView.swift */ = {isa = PBXFileReference; fileEncoding = 4; lastKnownFileType = sourcecode.swift; path = TimelineView.swift; sourceTree = "<group>"; };
		BF1149112892D95D0081A360 /* SessionCell.swift */ = {isa = PBXFileReference; fileEncoding = 4; lastKnownFileType = sourcecode.swift; path = SessionCell.swift; sourceTree = "<group>"; };
		BF1149172892D96F0081A360 /* ContentView.swift */ = {isa = PBXFileReference; fileEncoding = 4; lastKnownFileType = sourcecode.swift; path = ContentView.swift; sourceTree = "<group>"; };
		BF1149192892D97A0081A360 /* Date.swift */ = {isa = PBXFileReference; fileEncoding = 4; lastKnownFileType = sourcecode.swift; path = Date.swift; sourceTree = "<group>"; };
		BF3A3EBE28C0B5A8007BE348 /* CreateSessionViewCoreData.swift */ = {isa = PBXFileReference; lastKnownFileType = sourcecode.swift; path = CreateSessionViewCoreData.swift; sourceTree = "<group>"; };
		BF3A3EC028C0D24B007BE348 /* SpotListModel.swift */ = {isa = PBXFileReference; lastKnownFileType = sourcecode.swift; path = SpotListModel.swift; sourceTree = "<group>"; };
		BF3E792028AE4ACC00570B11 /* SessionCellCoreData.swift */ = {isa = PBXFileReference; lastKnownFileType = sourcecode.swift; path = SessionCellCoreData.swift; sourceTree = "<group>"; };
		BF5F049328FD5E3A00ACAAD6 /* CreateLocationViewCodeData.swift */ = {isa = PBXFileReference; lastKnownFileType = sourcecode.swift; path = CreateLocationViewCodeData.swift; sourceTree = "<group>"; };
		BF5F101328D9FDCC00E71AA4 /* LocationListViewCoreData.swift */ = {isa = PBXFileReference; lastKnownFileType = sourcecode.swift; path = LocationListViewCoreData.swift; sourceTree = "<group>"; };
		BF7B77D528AD2F21006484FF /* WatchConnectivityManager.swift */ = {isa = PBXFileReference; lastKnownFileType = sourcecode.swift; path = WatchConnectivityManager.swift; sourceTree = "<group>"; };
		BF83FD5628B77A6C00699C53 /* EditSessionCoreView.swift */ = {isa = PBXFileReference; lastKnownFileType = sourcecode.swift; path = EditSessionCoreView.swift; sourceTree = "<group>"; };
		BF9A5DAB289967DD009F438D /* Formatters.swift */ = {isa = PBXFileReference; lastKnownFileType = sourcecode.swift; path = Formatters.swift; sourceTree = "<group>"; };
		BFAB602228A6786500CC6276 /* SessionListViewCoreData.swift */ = {isa = PBXFileReference; fileEncoding = 4; lastKnownFileType = sourcecode.swift; path = SessionListViewCoreData.swift; sourceTree = "<group>"; };
		BFAB602528A678CC00CC6276 /* CoreSample.xcdatamodel */ = {isa = PBXFileReference; lastKnownFileType = wrapper.xcdatamodel; path = CoreSample.xcdatamodel; sourceTree = "<group>"; };
		BFAB602728A678DF00CC6276 /* Persistence.swift */ = {isa = PBXFileReference; fileEncoding = 4; lastKnownFileType = sourcecode.swift; path = Persistence.swift; sourceTree = "<group>"; };
		BFCF213F28AA2BA6004ED37D /* Info.plist */ = {isa = PBXFileReference; lastKnownFileType = text.plist; path = Info.plist; sourceTree = "<group>"; };
/* End PBXFileReference section */

/* Begin PBXFrameworksBuildPhase section */
		BF1148AA2892BE7A0081A360 /* Frameworks */ = {
			isa = PBXFrameworksBuildPhase;
			buildActionMask = 2147483647;
			files = (
			);
			runOnlyForDeploymentPostprocessing = 0;
		};
		BF1148C32892BE7D0081A360 /* Frameworks */ = {
			isa = PBXFrameworksBuildPhase;
			buildActionMask = 2147483647;
			files = (
				BF1148F02892BF1A0081A360 /* HealthKit.framework in Frameworks */,
			);
			runOnlyForDeploymentPostprocessing = 0;
		};
/* End PBXFrameworksBuildPhase section */

/* Begin PBXGroup section */
		BF0A812128A10803008C4C41 /* LocationListView */ = {
			isa = PBXGroup;
			children = (
				BF0A812228A10825008C4C41 /* LocationListView.swift */,
				BF0A812428A108D3008C4C41 /* LocationListModel.swift */,
			);
			path = LocationListView;
			sourceTree = "<group>";
		};
		BF0A812628A10B16008C4C41 /* Http */ = {
			isa = PBXGroup;
			children = (
				BF1149002892C03C0081A360 /* SessionService.swift */,
			);
			path = Http;
			sourceTree = "<group>";
		};
		BF1148A42892BE7A0081A360 = {
			isa = PBXGroup;
			children = (
				BF7B77D428AD2EE8006484FF /* WatchConnectivity */,
				BF1148AF2892BE7A0081A360 /* Windcockpit */,
				BF1148BF2892BE7B0081A360 /* Windcockpit WatchKit App */,
				BF1148CA2892BE7D0081A360 /* Windcockpit WatchKit Extension */,
				BF1148AE2892BE7A0081A360 /* Products */,
				BF1148EE2892BF1A0081A360 /* Frameworks */,
			);
			sourceTree = "<group>";
		};
		BF1148AE2892BE7A0081A360 /* Products */ = {
			isa = PBXGroup;
			children = (
				BF1148AD2892BE7A0081A360 /* Windcockpit.app */,
				BF1148BB2892BE7B0081A360 /* Windcockpit WatchKit App.app */,
				BF1148C62892BE7D0081A360 /* Windcockpit WatchKit Extension.appex */,
			);
			name = Products;
			sourceTree = "<group>";
		};
		BF1148AF2892BE7A0081A360 /* Windcockpit */ = {
			isa = PBXGroup;
			children = (
				BF1148B42892BE7B0081A360 /* Assets.xcassets */,
				BF1149172892D96F0081A360 /* ContentView.swift */,
				BF72ABAB28A3E64400D7F496 /* CoreData */,
				BF0A812628A10B16008C4C41 /* Http */,
				BFCF213F28AA2BA6004ED37D /* Info.plist */,
				BF0A812128A10803008C4C41 /* LocationListView */,
				BF5F101228D9FDA800E71AA4 /* LocationListViewCoreData */,
				BF1149052892C05F0081A360 /* Model */,
				BF1148B62892BE7B0081A360 /* Preview Content */,
				BF11490C2892D95D0081A360 /* PublicTimeline */,
				BF3E791F28AE4A8300570B11 /* SessionList */,
				BF11490B2892D94A0081A360 /* Util */,
				BF1148B02892BE7A0081A360 /* WindcockpitApp.swift */,
			);
			path = Windcockpit;
			sourceTree = "<group>";
		};
		BF1148B62892BE7B0081A360 /* Preview Content */ = {
			isa = PBXGroup;
			children = (
				BF1148B72892BE7B0081A360 /* Preview Assets.xcassets */,
			);
			path = "Preview Content";
			sourceTree = "<group>";
		};
		BF1148BF2892BE7B0081A360 /* Windcockpit WatchKit App */ = {
			isa = PBXGroup;
			children = (
				BF1148C02892BE7C0081A360 /* Assets.xcassets */,
			);
			path = "Windcockpit WatchKit App";
			sourceTree = "<group>";
		};
		BF1148CA2892BE7D0081A360 /* Windcockpit WatchKit Extension */ = {
			isa = PBXGroup;
			children = (
				BF1148F12892BF980081A360 /* StartView.swift */,
				BF1148F32892BFA30081A360 /* SummaryView.swift */,
				BF1148F52892BFAE0081A360 /* WorkoutManager.swift */,
				BF1148F72892BFD10081A360 /* SessionPagingView.swift */,
				BF1148CB2892BE7D0081A360 /* WindcockpitApp.swift */,
				BF1148FB2892BFE40081A360 /* ControlsView.swift */,
				BF1148FD2892BFEA0081A360 /* ElapsedTimeView.swift */,
				BF1148F92892BFDE0081A360 /* MetricsView.swift */,
				BF1148ED2892BF1A0081A360 /* Windcockpit WatchKit Extension.entitlements */,
				BF1148CF2892BE7D0081A360 /* NotificationController.swift */,
				BF1148D12892BE7D0081A360 /* NotificationView.swift */,
				BF1148D32892BE7D0081A360 /* ComplicationController.swift */,
				BF1148D52892BE7E0081A360 /* Assets.xcassets */,
				BF1148DA2892BE7E0081A360 /* Info.plist */,
				BF1148DB2892BE7E0081A360 /* PushNotificationPayload.apns */,
				BF1148D72892BE7E0081A360 /* Preview Content */,
			);
			path = "Windcockpit WatchKit Extension";
			sourceTree = "<group>";
		};
		BF1148D72892BE7E0081A360 /* Preview Content */ = {
			isa = PBXGroup;
			children = (
				BF1148D82892BE7E0081A360 /* Preview Assets.xcassets */,
			);
			path = "Preview Content";
			sourceTree = "<group>";
		};
		BF1148EE2892BF1A0081A360 /* Frameworks */ = {
			isa = PBXGroup;
			children = (
				BF1148EF2892BF1A0081A360 /* HealthKit.framework */,
			);
			name = Frameworks;
			sourceTree = "<group>";
		};
		BF1149052892C05F0081A360 /* Model */ = {
			isa = PBXGroup;
			children = (
				BF1149062892C05F0081A360 /* Location.swift */,
				BF1149072892C05F0081A360 /* Session.swift */,
			);
			path = Model;
			sourceTree = "<group>";
		};
		BF11490B2892D94A0081A360 /* Util */ = {
			isa = PBXGroup;
			children = (
				BF1149192892D97A0081A360 /* Date.swift */,
				BF1148FF2892C03C0081A360 /* Constants.swift */,
				BF9A5DAB289967DD009F438D /* Formatters.swift */,
				BF05045E289AFBD000EEB2AA /* DurationFormatter.swift */,
			);
			path = Util;
			sourceTree = "<group>";
		};
		BF11490C2892D95D0081A360 /* PublicTimeline */ = {
			isa = PBXGroup;
			children = (
				BF11490E2892D95D0081A360 /* TimelineViewModel.swift */,
				BF1149102892D95D0081A360 /* TimelineView.swift */,
				BF1149112892D95D0081A360 /* SessionCell.swift */,
				BF11490D2892D95D0081A360 /* SessionView.swift */,
			);
			path = PublicTimeline;
			sourceTree = "<group>";
		};
		BF3E791F28AE4A8300570B11 /* SessionList */ = {
			isa = PBXGroup;
			children = (
				BFAB602228A6786500CC6276 /* SessionListViewCoreData.swift */,
				BF3E792028AE4ACC00570B11 /* SessionCellCoreData.swift */,
				BF83FD5628B77A6C00699C53 /* EditSessionCoreView.swift */,
				BF3A3EBE28C0B5A8007BE348 /* CreateSessionViewCoreData.swift */,
				BF3A3EC028C0D24B007BE348 /* SpotListModel.swift */,
				BF05045C289AB34A00EEB2AA /* DurationView.swift */,
			);
			path = SessionList;
			sourceTree = "<group>";
		};
		BF5F101228D9FDA800E71AA4 /* LocationListViewCoreData */ = {
			isa = PBXGroup;
			children = (
				BF5F101328D9FDCC00E71AA4 /* LocationListViewCoreData.swift */,
				BF5F049328FD5E3A00ACAAD6 /* CreateLocationViewCodeData.swift */,
			);
			path = LocationListViewCoreData;
			sourceTree = "<group>";
		};
		BF72ABAB28A3E64400D7F496 /* CoreData */ = {
			isa = PBXGroup;
			children = (
				BFAB602728A678DF00CC6276 /* Persistence.swift */,
				BFAB602428A678CC00CC6276 /* WindcockpitCoreData.xcdatamodeld */,
			);
			path = CoreData;
			sourceTree = "<group>";
		};
		BF7B77D428AD2EE8006484FF /* WatchConnectivity */ = {
			isa = PBXGroup;
			children = (
				BF7B77D528AD2F21006484FF /* WatchConnectivityManager.swift */,
			);
			path = WatchConnectivity;
			sourceTree = "<group>";
		};
/* End PBXGroup section */

/* Begin PBXNativeTarget section */
		BF1148AC2892BE7A0081A360 /* Windcockpit */ = {
			isa = PBXNativeTarget;
			buildConfigurationList = BF1148E62892BE7E0081A360 /* Build configuration list for PBXNativeTarget "Windcockpit" */;
			buildPhases = (
				BF1148A92892BE7A0081A360 /* Sources */,
				BF1148AA2892BE7A0081A360 /* Frameworks */,
				BF1148AB2892BE7A0081A360 /* Resources */,
				BF1148E52892BE7E0081A360 /* Embed Watch Content */,
			);
			buildRules = (
			);
			dependencies = (
				BF1148BE2892BE7B0081A360 /* PBXTargetDependency */,
			);
			name = Windcockpit;
			productName = Windcockpit;
			productReference = BF1148AD2892BE7A0081A360 /* Windcockpit.app */;
			productType = "com.apple.product-type.application";
		};
		BF1148BA2892BE7B0081A360 /* Windcockpit WatchKit App */ = {
			isa = PBXNativeTarget;
			buildConfigurationList = BF1148E22892BE7E0081A360 /* Build configuration list for PBXNativeTarget "Windcockpit WatchKit App" */;
			buildPhases = (
				BF1148B92892BE7B0081A360 /* Resources */,
				BF1148E12892BE7E0081A360 /* Embed App Extensions */,
			);
			buildRules = (
			);
			dependencies = (
				BF1148C92892BE7D0081A360 /* PBXTargetDependency */,
			);
			name = "Windcockpit WatchKit App";
			productName = "Windcockpit WatchKit App";
			productReference = BF1148BB2892BE7B0081A360 /* Windcockpit WatchKit App.app */;
			productType = "com.apple.product-type.application.watchapp2";
		};
		BF1148C52892BE7D0081A360 /* Windcockpit WatchKit Extension */ = {
			isa = PBXNativeTarget;
			buildConfigurationList = BF1148DE2892BE7E0081A360 /* Build configuration list for PBXNativeTarget "Windcockpit WatchKit Extension" */;
			buildPhases = (
				BF1148C22892BE7D0081A360 /* Sources */,
				BF1148C32892BE7D0081A360 /* Frameworks */,
				BF1148C42892BE7D0081A360 /* Resources */,
			);
			buildRules = (
			);
			dependencies = (
			);
			name = "Windcockpit WatchKit Extension";
			productName = "Windcockpit WatchKit Extension";
			productReference = BF1148C62892BE7D0081A360 /* Windcockpit WatchKit Extension.appex */;
			productType = "com.apple.product-type.watchkit2-extension";
		};
/* End PBXNativeTarget section */

/* Begin PBXProject section */
		BF1148A52892BE7A0081A360 /* Project object */ = {
			isa = PBXProject;
			attributes = {
				BuildIndependentTargetsInParallel = 1;
				LastSwiftUpdateCheck = 1340;
				LastUpgradeCheck = 1340;
				TargetAttributes = {
					BF1148AC2892BE7A0081A360 = {
						CreatedOnToolsVersion = 13.4.1;
					};
					BF1148BA2892BE7B0081A360 = {
						CreatedOnToolsVersion = 13.4.1;
					};
					BF1148C52892BE7D0081A360 = {
						CreatedOnToolsVersion = 13.4.1;
					};
				};
			};
			buildConfigurationList = BF1148A82892BE7A0081A360 /* Build configuration list for PBXProject "Windcockpit" */;
			compatibilityVersion = "Xcode 13.0";
			developmentRegion = en;
			hasScannedForEncodings = 0;
			knownRegions = (
				en,
				Base,
			);
			mainGroup = BF1148A42892BE7A0081A360;
			productRefGroup = BF1148AE2892BE7A0081A360 /* Products */;
			projectDirPath = "";
			projectRoot = "";
			targets = (
				BF1148AC2892BE7A0081A360 /* Windcockpit */,
				BF1148BA2892BE7B0081A360 /* Windcockpit WatchKit App */,
				BF1148C52892BE7D0081A360 /* Windcockpit WatchKit Extension */,
			);
		};
/* End PBXProject section */

/* Begin PBXResourcesBuildPhase section */
		BF1148AB2892BE7A0081A360 /* Resources */ = {
			isa = PBXResourcesBuildPhase;
			buildActionMask = 2147483647;
			files = (
				BF1148B82892BE7B0081A360 /* Preview Assets.xcassets in Resources */,
				BF1148B52892BE7B0081A360 /* Assets.xcassets in Resources */,
			);
			runOnlyForDeploymentPostprocessing = 0;
		};
		BF1148B92892BE7B0081A360 /* Resources */ = {
			isa = PBXResourcesBuildPhase;
			buildActionMask = 2147483647;
			files = (
				BF1148C12892BE7C0081A360 /* Assets.xcassets in Resources */,
			);
			runOnlyForDeploymentPostprocessing = 0;
		};
		BF1148C42892BE7D0081A360 /* Resources */ = {
			isa = PBXResourcesBuildPhase;
			buildActionMask = 2147483647;
			files = (
				BF1148D92892BE7E0081A360 /* Preview Assets.xcassets in Resources */,
				BF1148D62892BE7E0081A360 /* Assets.xcassets in Resources */,
			);
			runOnlyForDeploymentPostprocessing = 0;
		};
/* End PBXResourcesBuildPhase section */

/* Begin PBXSourcesBuildPhase section */
		BF1148A92892BE7A0081A360 /* Sources */ = {
			isa = PBXSourcesBuildPhase;
			buildActionMask = 2147483647;
			files = (
				BFAB602328A6786500CC6276 /* SessionListViewCoreData.swift in Sources */,
				BF05045D289AB34A00EEB2AA /* DurationView.swift in Sources */,
				BF5F049428FD5E3A00ACAAD6 /* CreateLocationViewCodeData.swift in Sources */,
				BF1149162892D95D0081A360 /* SessionCell.swift in Sources */,
				BF9A5DAC289967DD009F438D /* Formatters.swift in Sources */,
				BF3A3EC128C0D24B007BE348 /* SpotListModel.swift in Sources */,
				BF1149182892D96F0081A360 /* ContentView.swift in Sources */,
				BF1149022892C03C0081A360 /* SessionService.swift in Sources */,
				BF0A812528A108D3008C4C41 /* LocationListModel.swift in Sources */,
				BF1149132892D95D0081A360 /* TimelineViewModel.swift in Sources */,
				BF83FD5728B77A6C00699C53 /* EditSessionCoreView.swift in Sources */,
				BF1149152892D95D0081A360 /* TimelineView.swift in Sources */,
				BF3E792128AE4ACC00570B11 /* SessionCellCoreData.swift in Sources */,
				BFAB602828A678DF00CC6276 /* Persistence.swift in Sources */,
				BF1149092892C05F0081A360 /* Session.swift in Sources */,
				BF1149082892C05F0081A360 /* Location.swift in Sources */,
				BF11491A2892D97A0081A360 /* Date.swift in Sources */,
				BF0A812328A10825008C4C41 /* LocationListView.swift in Sources */,
				BF3A3EBF28C0B5A8007BE348 /* CreateSessionViewCoreData.swift in Sources */,
				BF5F101428D9FDCC00E71AA4 /* LocationListViewCoreData.swift in Sources */,
				BFAB602628A678CC00CC6276 /* WindcockpitCoreData.xcdatamodeld in Sources */,
				BF1148B12892BE7A0081A360 /* WindcockpitApp.swift in Sources */,
				BF1149122892D95D0081A360 /* SessionView.swift in Sources */,
				BF05045F289AFBD000EEB2AA /* DurationFormatter.swift in Sources */,
				BF7B77D628AD2F21006484FF /* WatchConnectivityManager.swift in Sources */,
				BF1149012892C03C0081A360 /* Constants.swift in Sources */,
			);
			runOnlyForDeploymentPostprocessing = 0;
		};
		BF1148C22892BE7D0081A360 /* Sources */ = {
			isa = PBXSourcesBuildPhase;
			buildActionMask = 2147483647;
			files = (
				BF1148F82892BFD10081A360 /* SessionPagingView.swift in Sources */,
				BF1148D02892BE7D0081A360 /* NotificationController.swift in Sources */,
				BF1148FC2892BFE40081A360 /* ControlsView.swift in Sources */,
				BF1148F22892BF980081A360 /* StartView.swift in Sources */,
				BF1148D42892BE7D0081A360 /* ComplicationController.swift in Sources */,
				BF0A812928A10C35008C4C41 /* SessionService.swift in Sources */,
				BF050460289AFBF700EEB2AA /* DurationFormatter.swift in Sources */,
				BF1148FE2892BFEA0081A360 /* ElapsedTimeView.swift in Sources */,
				BF1148CC2892BE7D0081A360 /* WindcockpitApp.swift in Sources */,
				BF7B77D728AD2F21006484FF /* WatchConnectivityManager.swift in Sources */,
				BF1148F62892BFAE0081A360 /* WorkoutManager.swift in Sources */,
				BF1148D22892BE7D0081A360 /* NotificationView.swift in Sources */,
				BF11490A2892C0630081A360 /* Session.swift in Sources */,
				BF1149032892C0440081A360 /* Constants.swift in Sources */,
				BF1148FA2892BFDE0081A360 /* MetricsView.swift in Sources */,
				BF1148F42892BFA30081A360 /* SummaryView.swift in Sources */,
			);
			runOnlyForDeploymentPostprocessing = 0;
		};
/* End PBXSourcesBuildPhase section */

/* Begin PBXTargetDependency section */
		BF1148BE2892BE7B0081A360 /* PBXTargetDependency */ = {
			isa = PBXTargetDependency;
			target = BF1148BA2892BE7B0081A360 /* Windcockpit WatchKit App */;
			targetProxy = BF1148BD2892BE7B0081A360 /* PBXContainerItemProxy */;
		};
		BF1148C92892BE7D0081A360 /* PBXTargetDependency */ = {
			isa = PBXTargetDependency;
			target = BF1148C52892BE7D0081A360 /* Windcockpit WatchKit Extension */;
			targetProxy = BF1148C82892BE7D0081A360 /* PBXContainerItemProxy */;
		};
/* End PBXTargetDependency section */

/* Begin XCBuildConfiguration section */
		BF1148DC2892BE7E0081A360 /* Debug */ = {
			isa = XCBuildConfiguration;
			buildSettings = {
				ALWAYS_SEARCH_USER_PATHS = NO;
				CLANG_ANALYZER_NONNULL = YES;
				CLANG_ANALYZER_NUMBER_OBJECT_CONVERSION = YES_AGGRESSIVE;
				CLANG_CXX_LANGUAGE_STANDARD = "gnu++17";
				CLANG_ENABLE_MODULES = YES;
				CLANG_ENABLE_OBJC_ARC = YES;
				CLANG_ENABLE_OBJC_WEAK = YES;
				CLANG_WARN_BLOCK_CAPTURE_AUTORELEASING = YES;
				CLANG_WARN_BOOL_CONVERSION = YES;
				CLANG_WARN_COMMA = YES;
				CLANG_WARN_CONSTANT_CONVERSION = YES;
				CLANG_WARN_DEPRECATED_OBJC_IMPLEMENTATIONS = YES;
				CLANG_WARN_DIRECT_OBJC_ISA_USAGE = YES_ERROR;
				CLANG_WARN_DOCUMENTATION_COMMENTS = YES;
				CLANG_WARN_EMPTY_BODY = YES;
				CLANG_WARN_ENUM_CONVERSION = YES;
				CLANG_WARN_INFINITE_RECURSION = YES;
				CLANG_WARN_INT_CONVERSION = YES;
				CLANG_WARN_NON_LITERAL_NULL_CONVERSION = YES;
				CLANG_WARN_OBJC_IMPLICIT_RETAIN_SELF = YES;
				CLANG_WARN_OBJC_LITERAL_CONVERSION = YES;
				CLANG_WARN_OBJC_ROOT_CLASS = YES_ERROR;
				CLANG_WARN_QUOTED_INCLUDE_IN_FRAMEWORK_HEADER = YES;
				CLANG_WARN_RANGE_LOOP_ANALYSIS = YES;
				CLANG_WARN_STRICT_PROTOTYPES = YES;
				CLANG_WARN_SUSPICIOUS_MOVE = YES;
				CLANG_WARN_UNGUARDED_AVAILABILITY = YES_AGGRESSIVE;
				CLANG_WARN_UNREACHABLE_CODE = YES;
				CLANG_WARN__DUPLICATE_METHOD_MATCH = YES;
				COPY_PHASE_STRIP = NO;
				DEBUG_INFORMATION_FORMAT = dwarf;
				ENABLE_STRICT_OBJC_MSGSEND = YES;
				ENABLE_TESTABILITY = YES;
				GCC_C_LANGUAGE_STANDARD = gnu11;
				GCC_DYNAMIC_NO_PIC = NO;
				GCC_NO_COMMON_BLOCKS = YES;
				GCC_OPTIMIZATION_LEVEL = 0;
				GCC_PREPROCESSOR_DEFINITIONS = (
					"DEBUG=1",
					"$(inherited)",
				);
				GCC_WARN_64_TO_32_BIT_CONVERSION = YES;
				GCC_WARN_ABOUT_RETURN_TYPE = YES_ERROR;
				GCC_WARN_UNDECLARED_SELECTOR = YES;
				GCC_WARN_UNINITIALIZED_AUTOS = YES_AGGRESSIVE;
				GCC_WARN_UNUSED_FUNCTION = YES;
				GCC_WARN_UNUSED_VARIABLE = YES;
				MTL_ENABLE_DEBUG_INFO = INCLUDE_SOURCE;
				MTL_FAST_MATH = YES;
				ONLY_ACTIVE_ARCH = YES;
				SWIFT_ACTIVE_COMPILATION_CONDITIONS = DEBUG;
				SWIFT_OPTIMIZATION_LEVEL = "-Onone";
			};
			name = Debug;
		};
		BF1148DD2892BE7E0081A360 /* Release */ = {
			isa = XCBuildConfiguration;
			buildSettings = {
				ALWAYS_SEARCH_USER_PATHS = NO;
				CLANG_ANALYZER_NONNULL = YES;
				CLANG_ANALYZER_NUMBER_OBJECT_CONVERSION = YES_AGGRESSIVE;
				CLANG_CXX_LANGUAGE_STANDARD = "gnu++17";
				CLANG_ENABLE_MODULES = YES;
				CLANG_ENABLE_OBJC_ARC = YES;
				CLANG_ENABLE_OBJC_WEAK = YES;
				CLANG_WARN_BLOCK_CAPTURE_AUTORELEASING = YES;
				CLANG_WARN_BOOL_CONVERSION = YES;
				CLANG_WARN_COMMA = YES;
				CLANG_WARN_CONSTANT_CONVERSION = YES;
				CLANG_WARN_DEPRECATED_OBJC_IMPLEMENTATIONS = YES;
				CLANG_WARN_DIRECT_OBJC_ISA_USAGE = YES_ERROR;
				CLANG_WARN_DOCUMENTATION_COMMENTS = YES;
				CLANG_WARN_EMPTY_BODY = YES;
				CLANG_WARN_ENUM_CONVERSION = YES;
				CLANG_WARN_INFINITE_RECURSION = YES;
				CLANG_WARN_INT_CONVERSION = YES;
				CLANG_WARN_NON_LITERAL_NULL_CONVERSION = YES;
				CLANG_WARN_OBJC_IMPLICIT_RETAIN_SELF = YES;
				CLANG_WARN_OBJC_LITERAL_CONVERSION = YES;
				CLANG_WARN_OBJC_ROOT_CLASS = YES_ERROR;
				CLANG_WARN_QUOTED_INCLUDE_IN_FRAMEWORK_HEADER = YES;
				CLANG_WARN_RANGE_LOOP_ANALYSIS = YES;
				CLANG_WARN_STRICT_PROTOTYPES = YES;
				CLANG_WARN_SUSPICIOUS_MOVE = YES;
				CLANG_WARN_UNGUARDED_AVAILABILITY = YES_AGGRESSIVE;
				CLANG_WARN_UNREACHABLE_CODE = YES;
				CLANG_WARN__DUPLICATE_METHOD_MATCH = YES;
				COPY_PHASE_STRIP = NO;
				DEBUG_INFORMATION_FORMAT = "dwarf-with-dsym";
				ENABLE_NS_ASSERTIONS = NO;
				ENABLE_STRICT_OBJC_MSGSEND = YES;
				GCC_C_LANGUAGE_STANDARD = gnu11;
				GCC_NO_COMMON_BLOCKS = YES;
				GCC_WARN_64_TO_32_BIT_CONVERSION = YES;
				GCC_WARN_ABOUT_RETURN_TYPE = YES_ERROR;
				GCC_WARN_UNDECLARED_SELECTOR = YES;
				GCC_WARN_UNINITIALIZED_AUTOS = YES_AGGRESSIVE;
				GCC_WARN_UNUSED_FUNCTION = YES;
				GCC_WARN_UNUSED_VARIABLE = YES;
				MTL_ENABLE_DEBUG_INFO = NO;
				MTL_FAST_MATH = YES;
				SWIFT_COMPILATION_MODE = wholemodule;
				SWIFT_OPTIMIZATION_LEVEL = "-O";
			};
			name = Release;
		};
		BF1148DF2892BE7E0081A360 /* Debug */ = {
			isa = XCBuildConfiguration;
			buildSettings = {
				ASSETCATALOG_COMPILER_COMPLICATION_NAME = Complication;
				CODE_SIGN_ENTITLEMENTS = "Windcockpit WatchKit Extension/Windcockpit WatchKit Extension.entitlements";
				CODE_SIGN_STYLE = Automatic;
				CURRENT_PROJECT_VERSION = 1;
				DEVELOPMENT_ASSET_PATHS = "\"Windcockpit WatchKit Extension/Preview Content\"";
				DEVELOPMENT_TEAM = 8LW873B8B4;
				ENABLE_PREVIEWS = YES;
				GENERATE_INFOPLIST_FILE = YES;
				INFOPLIST_FILE = "Windcockpit WatchKit Extension/Info.plist";
				INFOPLIST_KEY_CFBundleDisplayName = "Windcockpit WatchKit Extension";
				INFOPLIST_KEY_CLKComplicationPrincipalClass = Windcockpit_WatchKit_Extension.ComplicationController;
				INFOPLIST_KEY_NSHumanReadableCopyright = "";
				INFOPLIST_KEY_WKRunsIndependentlyOfCompanionApp = YES;
				LD_RUNPATH_SEARCH_PATHS = (
					"$(inherited)",
					"@executable_path/Frameworks",
					"@executable_path/../../Frameworks",
				);
				MARKETING_VERSION = 1.0;
				PRODUCT_BUNDLE_IDENTIFIER = de.ralfwirdemann.Windcockpit.watchkitapp.watchkitextension;
				PRODUCT_NAME = "${TARGET_NAME}";
				SDKROOT = watchos;
				SKIP_INSTALL = YES;
				SWIFT_EMIT_LOC_STRINGS = YES;
				SWIFT_VERSION = 5.0;
				TARGETED_DEVICE_FAMILY = 4;
				WATCHOS_DEPLOYMENT_TARGET = 8.5;
			};
			name = Debug;
		};
		BF1148E02892BE7E0081A360 /* Release */ = {
			isa = XCBuildConfiguration;
			buildSettings = {
				ASSETCATALOG_COMPILER_COMPLICATION_NAME = Complication;
				CODE_SIGN_ENTITLEMENTS = "Windcockpit WatchKit Extension/Windcockpit WatchKit Extension.entitlements";
				CODE_SIGN_STYLE = Automatic;
				CURRENT_PROJECT_VERSION = 1;
				DEVELOPMENT_ASSET_PATHS = "\"Windcockpit WatchKit Extension/Preview Content\"";
				DEVELOPMENT_TEAM = 8LW873B8B4;
				ENABLE_PREVIEWS = YES;
				GENERATE_INFOPLIST_FILE = YES;
				INFOPLIST_FILE = "Windcockpit WatchKit Extension/Info.plist";
				INFOPLIST_KEY_CFBundleDisplayName = "Windcockpit WatchKit Extension";
				INFOPLIST_KEY_CLKComplicationPrincipalClass = Windcockpit_WatchKit_Extension.ComplicationController;
				INFOPLIST_KEY_NSHumanReadableCopyright = "";
				INFOPLIST_KEY_WKRunsIndependentlyOfCompanionApp = YES;
				LD_RUNPATH_SEARCH_PATHS = (
					"$(inherited)",
					"@executable_path/Frameworks",
					"@executable_path/../../Frameworks",
				);
				MARKETING_VERSION = 1.0;
				PRODUCT_BUNDLE_IDENTIFIER = de.ralfwirdemann.Windcockpit.watchkitapp.watchkitextension;
				PRODUCT_NAME = "${TARGET_NAME}";
				SDKROOT = watchos;
				SKIP_INSTALL = YES;
				SWIFT_EMIT_LOC_STRINGS = YES;
				SWIFT_VERSION = 5.0;
				TARGETED_DEVICE_FAMILY = 4;
				VALIDATE_PRODUCT = YES;
				WATCHOS_DEPLOYMENT_TARGET = 8.5;
			};
			name = Release;
		};
		BF1148E32892BE7E0081A360 /* Debug */ = {
			isa = XCBuildConfiguration;
			buildSettings = {
				ALWAYS_EMBED_SWIFT_STANDARD_LIBRARIES = YES;
				ASSETCATALOG_COMPILER_APPICON_NAME = AppIcon;
				ASSETCATALOG_COMPILER_GLOBAL_ACCENT_COLOR_NAME = AccentColor;
				CODE_SIGN_STYLE = Automatic;
				CURRENT_PROJECT_VERSION = 1;
				DEVELOPMENT_TEAM = 8LW873B8B4;
				GENERATE_INFOPLIST_FILE = YES;
				IBSC_MODULE = Windcockpit_WatchKit_Extension;
				INFOPLIST_KEY_CFBundleDisplayName = "Windcockpit WatchKit App";
				INFOPLIST_KEY_UISupportedInterfaceOrientations = "UIInterfaceOrientationPortrait UIInterfaceOrientationPortraitUpsideDown";
				INFOPLIST_KEY_WKCompanionAppBundleIdentifier = de.ralfwirdemann.Windcockpit;
				MARKETING_VERSION = 1.0;
				PRODUCT_BUNDLE_IDENTIFIER = de.ralfwirdemann.Windcockpit.watchkitapp;
				PRODUCT_NAME = "$(TARGET_NAME)";
				SDKROOT = watchos;
				SKIP_INSTALL = YES;
				SWIFT_EMIT_LOC_STRINGS = YES;
				SWIFT_VERSION = 5.0;
				TARGETED_DEVICE_FAMILY = 4;
				WATCHOS_DEPLOYMENT_TARGET = 8.5;
			};
			name = Debug;
		};
		BF1148E42892BE7E0081A360 /* Release */ = {
			isa = XCBuildConfiguration;
			buildSettings = {
				ALWAYS_EMBED_SWIFT_STANDARD_LIBRARIES = YES;
				ASSETCATALOG_COMPILER_APPICON_NAME = AppIcon;
				ASSETCATALOG_COMPILER_GLOBAL_ACCENT_COLOR_NAME = AccentColor;
				CODE_SIGN_STYLE = Automatic;
				CURRENT_PROJECT_VERSION = 1;
				DEVELOPMENT_TEAM = 8LW873B8B4;
				GENERATE_INFOPLIST_FILE = YES;
				IBSC_MODULE = Windcockpit_WatchKit_Extension;
				INFOPLIST_KEY_CFBundleDisplayName = "Windcockpit WatchKit App";
				INFOPLIST_KEY_UISupportedInterfaceOrientations = "UIInterfaceOrientationPortrait UIInterfaceOrientationPortraitUpsideDown";
				INFOPLIST_KEY_WKCompanionAppBundleIdentifier = de.ralfwirdemann.Windcockpit;
				MARKETING_VERSION = 1.0;
				PRODUCT_BUNDLE_IDENTIFIER = de.ralfwirdemann.Windcockpit.watchkitapp;
				PRODUCT_NAME = "$(TARGET_NAME)";
				SDKROOT = watchos;
				SKIP_INSTALL = YES;
				SWIFT_EMIT_LOC_STRINGS = YES;
				SWIFT_VERSION = 5.0;
				TARGETED_DEVICE_FAMILY = 4;
				VALIDATE_PRODUCT = YES;
				WATCHOS_DEPLOYMENT_TARGET = 8.5;
			};
			name = Release;
		};
		BF1148E72892BE7E0081A360 /* Debug */ = {
			isa = XCBuildConfiguration;
			buildSettings = {
				ASSETCATALOG_COMPILER_APPICON_NAME = AppIcon;
				ASSETCATALOG_COMPILER_GLOBAL_ACCENT_COLOR_NAME = AccentColor;
				CODE_SIGN_STYLE = Automatic;
				CURRENT_PROJECT_VERSION = 1;
				DEVELOPMENT_ASSET_PATHS = "\"Windcockpit/Preview Content\"";
				DEVELOPMENT_TEAM = 8LW873B8B4;
				ENABLE_PREVIEWS = YES;
				GENERATE_INFOPLIST_FILE = YES;
				INFOPLIST_FILE = Windcockpit/Info.plist;
				INFOPLIST_KEY_UIApplicationSceneManifest_Generation = YES;
				INFOPLIST_KEY_UIApplicationSupportsIndirectInputEvents = YES;
				INFOPLIST_KEY_UILaunchScreen_Generation = YES;
				INFOPLIST_KEY_UISupportedInterfaceOrientations_iPad = "UIInterfaceOrientationPortrait UIInterfaceOrientationPortraitUpsideDown UIInterfaceOrientationLandscapeLeft UIInterfaceOrientationLandscapeRight";
				INFOPLIST_KEY_UISupportedInterfaceOrientations_iPhone = "UIInterfaceOrientationPortrait UIInterfaceOrientationLandscapeLeft UIInterfaceOrientationLandscapeRight";
				IPHONEOS_DEPLOYMENT_TARGET = 15.5;
				LD_RUNPATH_SEARCH_PATHS = (
					"$(inherited)",
					"@executable_path/Frameworks",
				);
				MARKETING_VERSION = 1.0;
				PRODUCT_BUNDLE_IDENTIFIER = de.ralfwirdemann.Windcockpit;
				PRODUCT_NAME = "$(TARGET_NAME)";
				SDKROOT = iphoneos;
				SWIFT_EMIT_LOC_STRINGS = YES;
				SWIFT_VERSION = 5.0;
				TARGETED_DEVICE_FAMILY = "1,2";
			};
			name = Debug;
		};
		BF1148E82892BE7E0081A360 /* Release */ = {
			isa = XCBuildConfiguration;
			buildSettings = {
				ASSETCATALOG_COMPILER_APPICON_NAME = AppIcon;
				ASSETCATALOG_COMPILER_GLOBAL_ACCENT_COLOR_NAME = AccentColor;
				CODE_SIGN_STYLE = Automatic;
				CURRENT_PROJECT_VERSION = 1;
				DEVELOPMENT_ASSET_PATHS = "\"Windcockpit/Preview Content\"";
				DEVELOPMENT_TEAM = 8LW873B8B4;
				ENABLE_PREVIEWS = YES;
				GENERATE_INFOPLIST_FILE = YES;
				INFOPLIST_FILE = Windcockpit/Info.plist;
				INFOPLIST_KEY_UIApplicationSceneManifest_Generation = YES;
				INFOPLIST_KEY_UIApplicationSupportsIndirectInputEvents = YES;
				INFOPLIST_KEY_UILaunchScreen_Generation = YES;
				INFOPLIST_KEY_UISupportedInterfaceOrientations_iPad = "UIInterfaceOrientationPortrait UIInterfaceOrientationPortraitUpsideDown UIInterfaceOrientationLandscapeLeft UIInterfaceOrientationLandscapeRight";
				INFOPLIST_KEY_UISupportedInterfaceOrientations_iPhone = "UIInterfaceOrientationPortrait UIInterfaceOrientationLandscapeLeft UIInterfaceOrientationLandscapeRight";
				IPHONEOS_DEPLOYMENT_TARGET = 15.5;
				LD_RUNPATH_SEARCH_PATHS = (
					"$(inherited)",
					"@executable_path/Frameworks",
				);
				MARKETING_VERSION = 1.0;
				PRODUCT_BUNDLE_IDENTIFIER = de.ralfwirdemann.Windcockpit;
				PRODUCT_NAME = "$(TARGET_NAME)";
				SDKROOT = iphoneos;
				SWIFT_EMIT_LOC_STRINGS = YES;
				SWIFT_VERSION = 5.0;
				TARGETED_DEVICE_FAMILY = "1,2";
				VALIDATE_PRODUCT = YES;
			};
			name = Release;
		};
/* End XCBuildConfiguration section */

/* Begin XCConfigurationList section */
		BF1148A82892BE7A0081A360 /* Build configuration list for PBXProject "Windcockpit" */ = {
			isa = XCConfigurationList;
			buildConfigurations = (
				BF1148DC2892BE7E0081A360 /* Debug */,
				BF1148DD2892BE7E0081A360 /* Release */,
			);
			defaultConfigurationIsVisible = 0;
			defaultConfigurationName = Release;
		};
		BF1148DE2892BE7E0081A360 /* Build configuration list for PBXNativeTarget "Windcockpit WatchKit Extension" */ = {
			isa = XCConfigurationList;
			buildConfigurations = (
				BF1148DF2892BE7E0081A360 /* Debug */,
				BF1148E02892BE7E0081A360 /* Release */,
			);
			defaultConfigurationIsVisible = 0;
			defaultConfigurationName = Release;
		};
		BF1148E22892BE7E0081A360 /* Build configuration list for PBXNativeTarget "Windcockpit WatchKit App" */ = {
			isa = XCConfigurationList;
			buildConfigurations = (
				BF1148E32892BE7E0081A360 /* Debug */,
				BF1148E42892BE7E0081A360 /* Release */,
			);
			defaultConfigurationIsVisible = 0;
			defaultConfigurationName = Release;
		};
		BF1148E62892BE7E0081A360 /* Build configuration list for PBXNativeTarget "Windcockpit" */ = {
			isa = XCConfigurationList;
			buildConfigurations = (
				BF1148E72892BE7E0081A360 /* Debug */,
				BF1148E82892BE7E0081A360 /* Release */,
			);
			defaultConfigurationIsVisible = 0;
			defaultConfigurationName = Release;
		};
/* End XCConfigurationList section */

/* Begin XCVersionGroup section */
		BFAB602428A678CC00CC6276 /* WindcockpitCoreData.xcdatamodeld */ = {
			isa = XCVersionGroup;
			children = (
				BFAB602528A678CC00CC6276 /* CoreSample.xcdatamodel */,
			);
			currentVersion = BFAB602528A678CC00CC6276 /* CoreSample.xcdatamodel */;
			path = WindcockpitCoreData.xcdatamodeld;
			sourceTree = "<group>";
			versionGroupType = wrapper.xcdatamodel;
		};
/* End XCVersionGroup section */
	};
	rootObject = BF1148A52892BE7A0081A360 /* Project object */;
}
